
Microsoft Visual Studio Solution File, Format Version 12.00
# Visual Studio Version 17
VisualStudioVersion = 17.14.36414.22
MinimumVisualStudioVersion = 10.0.40219.1
Project("{2150E333-8FDC-42A3-9474-1A3956D46DE8}") = "Task0", "Task0", "{02EA681E-C7D8-13C7-8484-4AC65E1B71E8}"
EndProject
Project("{FAE04EC0-301F-11D3-BF4B-00C04F79EFBC}") = "Tyuiu.YachmenevaPV.Sprint0.Task0.V0", "Tyuiu.YachmenevaPV.Sprint0.Task0.V0\Tyuiu.YachmenevaPV.Sprint0.Task0.V0.csproj", "{E7F4E973-DE3B-4F5B-9DEE-E5655B42A8FF}"
EndProject
Project("{2150E333-8FDC-42A3-9474-1A3956D46DE8}") = "Task1", "Task1", "{9765E6E5-ECEC-4DCF-B998-47A383FDBF0E}"
EndProject
Project("{FAE04EC0-301F-11D3-BF4B-00C04F79EFBC}") = "Tyuiu.YachmenevaPV.Sprint0.Task1.V0", "Tyuiu.YachmenevaPV.Sprint0.Task1.V0\Tyuiu.YachmenevaPV.Sprint0.Task1.V0.csproj", "{6A68B347-43DB-47D3-91EA-4D5422A7C512}"
EndProject
Project("{2150E333-8FDC-42A3-9474-1A3956D46DE8}") = "Task2", "Task2", "{6FF537AD-1AC6-4AAD-A060-37433D902980}"
EndProject
Project("{FAE04EC0-301F-11D3-BF4B-00C04F79EFBC}") = "Tyuiu.YachmenevaPV.Sprint0.Task2.V0", "Tyuiu.YachmenevaPV.Sprint0.Task2.V0\Tyuiu.YachmenevaPV.Sprint0.Task2.V0.csproj", "{85A8BC99-4305-41E4-9E7F-4059ACF36928}"
EndProject
Project("{FAE04EC0-301F-11D3-BF4B-00C04F79EFBC}") = "Tyuiu.YachmenevaPV.Sprint0.Task2.V0.Lib", "Tyuiu.YachmenevaPV.Sprint0.Task2.V0.Lib\Tyuiu.YachmenevaPV.Sprint0.Task2.V0.Lib.csproj", "{52372E69-2160-49C3-9500-53AAD7472A18}"
EndProject
Project("{FAE04EC0-301F-11D3-BF4B-00C04F79EFBC}") = "Tyuiu.YachmenevaPV.Sprint0.Task2.V0.Test", "Tyuiu.YachmenevaPV.Sprint0.Task2.V0.Test\Tyuiu.YachmenevaPV.Sprint0.Task2.V0.Test.csproj", "{B2316A40-C644-46B1-92B7-651E14DB1BB3}"
EndProject
Project("{2150E333-8FDC-42A3-9474-1A3956D46DE8}") = "Task3", "Task3", "{F9492AA5-38A4-44DE-8239-865F6BA3BDA9}"
EndProject
Project("{FAE04EC0-301F-11D3-BF4B-00C04F79EFBC}") = "Tyuiu.YachmenevaPV.Sprint0.Task3.V0", "Tyuiu.YachmenevaPV.Sprint0.Task3.V0\Tyuiu.YachmenevaPV.Sprint0.Task3.V0.csproj", "{6DC8F83C-195E-449C-ACE2-DB0E66EA1A18}"
EndProject
Project("{FAE04EC0-301F-11D3-BF4B-00C04F79EFBC}") = "Tyuiu.YachmenevaPV.Sprint0.Task3.V0.Lib", "Tyuiu.YachmenevaPV.Sprint0.Task3.V0.Lib\Tyuiu.YachmenevaPV.Sprint0.Task3.V0.Lib.csproj", "{04DE76E4-D934-44A0-A383-CE5437AD11CF}"
EndProject
Project("{FAE04EC0-301F-11D3-BF4B-00C04F79EFBC}") = "Tyuiu.YachmenevaPV.Sprint0.Task3.V0.Test", "Tyuiu.YachmenevaPV.Sprint0.Task3.V0.Test\Tyuiu.YachmenevaPV.Sprint0.Task3.V0.Test.csproj", "{803AB5C7-29F4-4A80-9CA3-9ACB142F7293}"
EndProject
Project("{2150E333-8FDC-42A3-9474-1A3956D46DE8}") = "Task4", "Task4", "{8D271CD4-F82B-4EDC-AC8E-685547A3BEB7}"
EndProject
Project("{FAE04EC0-301F-11D3-BF4B-00C04F79EFBC}") = "Tyuiu.YachmenevaPV.Sprint0.Task4.V0", "Tyuiu.YachmenevaPV.Sprint0.Task4.V0\Tyuiu.YachmenevaPV.Sprint0.Task4.V0.csproj", "{E447AEA1-F891-4723-BBD5-A4967FB6F212}"
EndProject
Project("{FAE04EC0-301F-11D3-BF4B-00C04F79EFBC}") = "Tyuiu.YachmenevaPV.Sprint0.Task4.V0.Lib", "Tyuiu.YachmenevaPV.Sprint0.Task4.V0.Lib\Tyuiu.YachmenevaPV.Sprint0.Task4.V0.Lib.csproj", "{45A0A050-D8C9-4FAA-8D44-C4C08B3BF6DC}"
EndProject
Project("{FAE04EC0-301F-11D3-BF4B-00C04F79EFBC}") = "Tyuiu.YachmenevaPV.Sprint0.Task4.V0.Test", "Tyuiu.YachmenevaPV.Sprint0.Task4.V0.Test\Tyuiu.YachmenevaPV.Sprint0.Task4.V0.Test.csproj", "{C3723D6C-F10B-485A-AFE2-1FC45EF25360}"
EndProject
Global
	GlobalSection(SolutionConfigurationPlatforms) = preSolution
		Debug|Any CPU = Debug|Any CPU
		Release|Any CPU = Release|Any CPU
	EndGlobalSection
	GlobalSection(ProjectConfigurationPlatforms) = postSolution
		{E7F4E973-DE3B-4F5B-9DEE-E5655B42A8FF}.Debug|Any CPU.ActiveCfg = Debug|Any CPU
		{E7F4E973-DE3B-4F5B-9DEE-E5655B42A8FF}.Debug|Any CPU.Build.0 = Debug|Any CPU
		{E7F4E973-DE3B-4F5B-9DEE-E5655B42A8FF}.Release|Any CPU.ActiveCfg = Release|Any CPU
		{E7F4E973-DE3B-4F5B-9DEE-E5655B42A8FF}.Release|Any CPU.Build.0 = Release|Any CPU
		{6A68B347-43DB-47D3-91EA-4D5422A7C512}.Debug|Any CPU.ActiveCfg = Debug|Any CPU
		{6A68B347-43DB-47D3-91EA-4D5422A7C512}.Debug|Any CPU.Build.0 = Debug|Any CPU
		{6A68B347-43DB-47D3-91EA-4D5422A7C512}.Release|Any CPU.ActiveCfg = Release|Any CPU
		{6A68B347-43DB-47D3-91EA-4D5422A7C512}.Release|Any CPU.Build.0 = Release|Any CPU
		{85A8BC99-4305-41E4-9E7F-4059ACF36928}.Debug|Any CPU.ActiveCfg = Debug|Any CPU
		{85A8BC99-4305-41E4-9E7F-4059ACF36928}.Debug|Any CPU.Build.0 = Debug|Any CPU
		{85A8BC99-4305-41E4-9E7F-4059ACF36928}.Release|Any CPU.ActiveCfg = Release|Any CPU
		{85A8BC99-4305-41E4-9E7F-4059ACF36928}.Release|Any CPU.Build.0 = Release|Any CPU
		{52372E69-2160-49C3-9500-53AAD7472A18}.Debug|Any CPU.ActiveCfg = Debug|Any CPU
		{52372E69-2160-49C3-9500-53AAD7472A18}.Debug|Any CPU.Build.0 = Debug|Any CPU
		{52372E69-2160-49C3-9500-53AAD7472A18}.Release|Any CPU.ActiveCfg = Release|Any CPU
		{52372E69-2160-49C3-9500-53AAD7472A18}.Release|Any CPU.Build.0 = Release|Any CPU
		{B2316A40-C644-46B1-92B7-651E14DB1BB3}.Debug|Any CPU.ActiveCfg = Debug|Any CPU
		{B2316A40-C644-46B1-92B7-651E14DB1BB3}.Debug|Any CPU.Build.0 = Debug|Any CPU
		{B2316A40-C644-46B1-92B7-651E14DB1BB3}.Release|Any CPU.ActiveCfg = Release|Any CPU
		{B2316A40-C644-46B1-92B7-651E14DB1BB3}.Release|Any CPU.Build.0 = Release|Any CPU
		{6DC8F83C-195E-449C-ACE2-DB0E66EA1A18}.Debug|Any CPU.ActiveCfg = Debug|Any CPU
		{6DC8F83C-195E-449C-ACE2-DB0E66EA1A18}.Debug|Any CPU.Build.0 = Debug|Any CPU
		{6DC8F83C-195E-449C-ACE2-DB0E66EA1A18}.Release|Any CPU.ActiveCfg = Release|Any CPU
		{6DC8F83C-195E-449C-ACE2-DB0E66EA1A18}.Release|Any CPU.Build.0 = Release|Any CPU
		{04DE76E4-D934-44A0-A383-CE5437AD11CF}.Debug|Any CPU.ActiveCfg = Debug|Any CPU
		{04DE76E4-D934-44A0-A383-CE5437AD11CF}.Debug|Any CPU.Build.0 = Debug|Any CPU
		{04DE76E4-D934-44A0-A383-CE5437AD11CF}.Release|Any CPU.ActiveCfg = Release|Any CPU
		{04DE76E4-D934-44A0-A383-CE5437AD11CF}.Release|Any CPU.Build.0 = Release|Any CPU
		{803AB5C7-29F4-4A80-9CA3-9ACB142F7293}.Debug|Any CPU.ActiveCfg = Debug|Any CPU
		{803AB5C7-29F4-4A80-9CA3-9ACB142F7293}.Debug|Any CPU.Build.0 = Debug|Any CPU
		{803AB5C7-29F4-4A80-9CA3-9ACB142F7293}.Release|Any CPU.ActiveCfg = Release|Any CPU
		{803AB5C7-29F4-4A80-9CA3-9ACB142F7293}.Release|Any CPU.Build.0 = Release|Any CPU
		{E447AEA1-F891-4723-BBD5-A4967FB6F212}.Debug|Any CPU.ActiveCfg = Debug|Any CPU
		{E447AEA1-F891-4723-BBD5-A4967FB6F212}.Debug|Any CPU.Build.0 = Debug|Any CPU
		{E447AEA1-F891-4723-BBD5-A4967FB6F212}.Release|Any CPU.ActiveCfg = Release|Any CPU
		{E447AEA1-F891-4723-BBD5-A4967FB6F212}.Release|Any CPU.Build.0 = Release|Any CPU
		{45A0A050-D8C9-4FAA-8D44-C4C08B3BF6DC}.Debug|Any CPU.ActiveCfg = Debug|Any CPU
		{45A0A050-D8C9-4FAA-8D44-C4C08B3BF6DC}.Debug|Any CPU.Build.0 = Debug|Any CPU
		{45A0A050-D8C9-4FAA-8D44-C4C08B3BF6DC}.Release|Any CPU.ActiveCfg = Release|Any CPU
		{45A0A050-D8C9-4FAA-8D44-C4C08B3BF6DC}.Release|Any CPU.Build.0 = Release|Any CPU
		{C3723D6C-F10B-485A-AFE2-1FC45EF25360}.Debug|Any CPU.ActiveCfg = Debug|Any CPU
		{C3723D6C-F10B-485A-AFE2-1FC45EF25360}.Debug|Any CPU.Build.0 = Debug|Any CPU
		{C3723D6C-F10B-485A-AFE2-1FC45EF25360}.Release|Any CPU.ActiveCfg = Release|Any CPU
		{C3723D6C-F10B-485A-AFE2-1FC45EF25360}.Release|Any CPU.Build.0 = Release|Any CPU
	EndGlobalSection
	GlobalSection(SolutionProperties) = preSolution
		HideSolutionNode = FALSE
	EndGlobalSection
	GlobalSection(NestedProjects) = preSolution
		{E7F4E973-DE3B-4F5B-9DEE-E5655B42A8FF} = {02EA681E-C7D8-13C7-8484-4AC65E1B71E8}
		{6A68B347-43DB-47D3-91EA-4D5422A7C512} = {9765E6E5-ECEC-4DCF-B998-47A383FDBF0E}
		{85A8BC99-4305-41E4-9E7F-4059ACF36928} = {6FF537AD-1AC6-4AAD-A060-37433D902980}
		{52372E69-2160-49C3-9500-53AAD7472A18} = {6FF537AD-1AC6-4AAD-A060-37433D902980}
		{B2316A40-C644-46B1-92B7-651E14DB1BB3} = {6FF537AD-1AC6-4AAD-A060-37433D902980}
		{6DC8F83C-195E-449C-ACE2-DB0E66EA1A18} = {F9492AA5-38A4-44DE-8239-865F6BA3BDA9}
		{04DE76E4-D934-44A0-A383-CE5437AD11CF} = {F9492AA5-38A4-44DE-8239-865F6BA3BDA9}
		{803AB5C7-29F4-4A80-9CA3-9ACB142F7293} = {F9492AA5-38A4-44DE-8239-865F6BA3BDA9}
		{E447AEA1-F891-4723-BBD5-A4967FB6F212} = {8D271CD4-F82B-4EDC-AC8E-685547A3BEB7}
		{45A0A050-D8C9-4FAA-8D44-C4C08B3BF6DC} = {8D271CD4-F82B-4EDC-AC8E-685547A3BEB7}
		{C3723D6C-F10B-485A-AFE2-1FC45EF25360} = {8D271CD4-F82B-4EDC-AC8E-685547A3BEB7}
	EndGlobalSection
	GlobalSection(ExtensibilityGlobals) = postSolution
		SolutionGuid = {6876B88A-D130-4300-A36B-525C1A78BAD8}
	EndGlobalSection
EndGlobal
